
Microsoft Visual Studio Solution File, Format Version 12.00
# Visual Studio Version 17
VisualStudioVersion = 17.0.32126.317
MinimumVisualStudioVersion = 10.0.40219.1
Project("{FAE04EC0-301F-11D3-BF4B-00C04F79EFBC}") = "ManterClasseObj", "ManterClasseObj\ManterClasseObj.csproj", "{7911FB0B-CEA2-47EC-A967-E31F33560ABF}"
EndProject
Global
	GlobalSection(SolutionConfigurationPlatforms) = preSolution
		Debug|Any CPU = Debug|Any CPU
		Release|Any CPU = Release|Any CPU
	EndGlobalSection
	GlobalSection(ProjectConfigurationPlatforms) = postSolution
		{7911FB0B-CEA2-47EC-A967-E31F33560ABF}.Debug|Any CPU.ActiveCfg = Debug|Any CPU
		{7911FB0B-CEA2-47EC-A967-E31F33560ABF}.Debug|Any CPU.Build.0 = Debug|Any CPU
		{7911FB0B-CEA2-47EC-A967-E31F33560ABF}.Release|Any CPU.ActiveCfg = Release|Any CPU
		{7911FB0B-CEA2-47EC-A967-E31F33560ABF}.Release|Any CPU.Build.0 = Release|Any CPU
	EndGlobalSection
	GlobalSection(SolutionProperties) = preSolution
		HideSolutionNode = FALSE
	EndGlobalSection
	GlobalSection(ExtensibilityGlobals) = postSolution
		SolutionGuid = {567DB1F6-8589-4640-9F73-6B217006E1B8}
	EndGlobalSection
EndGlobal
